
Microsoft Visual Studio Solution File, Format Version 12.00
# Visual Studio Version 17
VisualStudioVersion = 17.14.36623.8 d17.14
MinimumVisualStudioVersion = 10.0.40219.1
Project("{FAE04EC0-301F-11D3-BF4B-00C04F79EFBC}") = "Geomerty_2D", "Geomerty_2D\Geomerty_2D.csproj", "{0723C37C-3EDA-4B31-BB94-CE77B7D72A9F}"
EndProject
Global
	GlobalSection(SolutionConfigurationPlatforms) = preSolution
		Debug|Any CPU = Debug|Any CPU
		Release|Any CPU = Release|Any CPU
	EndGlobalSection
	GlobalSection(ProjectConfigurationPlatforms) = postSolution
		{0723C37C-3EDA-4B31-BB94-CE77B7D72A9F}.Debug|Any CPU.ActiveCfg = Debug|Any CPU
		{0723C37C-3EDA-4B31-BB94-CE77B7D72A9F}.Debug|Any CPU.Build.0 = Debug|Any CPU
		{0723C37C-3EDA-4B31-BB94-CE77B7D72A9F}.Release|Any CPU.ActiveCfg = Release|Any CPU
		{0723C37C-3EDA-4B31-BB94-CE77B7D72A9F}.Release|Any CPU.Build.0 = Release|Any CPU
	EndGlobalSection
	GlobalSection(SolutionProperties) = preSolution
		HideSolutionNode = FALSE
	EndGlobalSection
	GlobalSection(ExtensibilityGlobals) = postSolution
		SolutionGuid = {48E5BFF8-8C9E-4B57-9EB8-7A13494A0453}
	EndGlobalSection
EndGlobal
